Microsoft Visual Studio Solution File, Format Version 12.00
# Visual Studio 2012
Project("{FAE04EC0-301F-11D3-BF4B-00C04F79EFBC}") = "godotC#2DFirst", "godotC#2DFirst.csproj", "{160C3FC5-5421-4346-851D-C63E35871D51}"
EndProject
Global
	GlobalSection(SolutionConfigurationPlatforms) = preSolution
	Debug|Any CPU = Debug|Any CPU
	ExportDebug|Any CPU = ExportDebug|Any CPU
	ExportRelease|Any CPU = ExportRelease|Any CPU
	EndGlobalSection
	GlobalSection(ProjectConfigurationPlatforms) = postSolution
		{160C3FC5-5421-4346-851D-C63E35871D51}.Debug|Any CPU.ActiveCfg = Debug|Any CPU
		{160C3FC5-5421-4346-851D-C63E35871D51}.Debug|Any CPU.Build.0 = Debug|Any CPU
		{160C3FC5-5421-4346-851D-C63E35871D51}.ExportDebug|Any CPU.ActiveCfg = ExportDebug|Any CPU
		{160C3FC5-5421-4346-851D-C63E35871D51}.ExportDebug|Any CPU.Build.0 = ExportDebug|Any CPU
		{160C3FC5-5421-4346-851D-C63E35871D51}.ExportRelease|Any CPU.ActiveCfg = ExportRelease|Any CPU
		{160C3FC5-5421-4346-851D-C63E35871D51}.ExportRelease|Any CPU.Build.0 = ExportRelease|Any CPU
	EndGlobalSection
EndGlobal
